
Microsoft Visual Studio Solution File, Format Version 12.00
# Visual Studio Version 16
VisualStudioVersion = 16.0.30225.117
MinimumVisualStudioVersion = 10.0.40219.1
Project("{FAE04EC0-301F-11D3-BF4B-00C04F79EFBC}") = "kaifPuzzle", "kaifPuzzle\kaifPuzzle.csproj", "{3C68AAC5-1FBF-4507-BB62-F4086E0C70A3}"
EndProject
Project("{FAE04EC0-301F-11D3-BF4B-00C04F79EFBC}") = "DLLform", "DLLform\DLLform.csproj", "{767CF7CD-91BF-4DB7-AF81-94955F637D50}"
EndProject
Global
	GlobalSection(SolutionConfigurationPlatforms) = preSolution
		Debug|Any CPU = Debug|Any CPU
		Release|Any CPU = Release|Any CPU
	EndGlobalSection
	GlobalSection(ProjectConfigurationPlatforms) = postSolution
		{3C68AAC5-1FBF-4507-BB62-F4086E0C70A3}.Debug|Any CPU.ActiveCfg = Debug|Any CPU
		{3C68AAC5-1FBF-4507-BB62-F4086E0C70A3}.Debug|Any CPU.Build.0 = Debug|Any CPU
		{3C68AAC5-1FBF-4507-BB62-F4086E0C70A3}.Release|Any CPU.ActiveCfg = Release|Any CPU
		{3C68AAC5-1FBF-4507-BB62-F4086E0C70A3}.Release|Any CPU.Build.0 = Release|Any CPU
		{767CF7CD-91BF-4DB7-AF81-94955F637D50}.Debug|Any CPU.ActiveCfg = Debug|Any CPU
		{767CF7CD-91BF-4DB7-AF81-94955F637D50}.Debug|Any CPU.Build.0 = Debug|Any CPU
		{767CF7CD-91BF-4DB7-AF81-94955F637D50}.Release|Any CPU.ActiveCfg = Release|Any CPU
		{767CF7CD-91BF-4DB7-AF81-94955F637D50}.Release|Any CPU.Build.0 = Release|Any CPU
	EndGlobalSection
	GlobalSection(SolutionProperties) = preSolution
		HideSolutionNode = FALSE
	EndGlobalSection
	GlobalSection(ExtensibilityGlobals) = postSolution
		SolutionGuid = {B179372C-ABBD-42B1-9ED4-F5F86139F2B4}
	EndGlobalSection
EndGlobal
